
Microsoft Visual Studio Solution File, Format Version 12.00
# Visual Studio 2012
Project("{FAE04EC0-301F-11D3-BF4B-00C04F79EFBC}") = "MersennePrimeFinder", "MersennePrimeFinder\MersennePrimeFinder.csproj", "{80C23767-AA6F-49FA-913D-A18325A8CA0D}"
EndProject
Global
	GlobalSection(SolutionConfigurationPlatforms) = preSolution
		Debug|Any CPU = Debug|Any CPU
		Release|Any CPU = Release|Any CPU
	EndGlobalSection
	GlobalSection(ProjectConfigurationPlatforms) = postSolution
		{80C23767-AA6F-49FA-913D-A18325A8CA0D}.Debug|Any CPU.ActiveCfg = Debug|Any CPU
		{80C23767-AA6F-49FA-913D-A18325A8CA0D}.Debug|Any CPU.Build.0 = Debug|Any CPU
		{80C23767-AA6F-49FA-913D-A18325A8CA0D}.Release|Any CPU.ActiveCfg = Release|Any CPU
		{80C23767-AA6F-49FA-913D-A18325A8CA0D}.Release|Any CPU.Build.0 = Release|Any CPU
	EndGlobalSection
	GlobalSection(SolutionProperties) = preSolution
		HideSolutionNode = FALSE
	EndGlobalSection
EndGlobal
